// !$*UTF8*$!
{
	archiveVersion = 1;
	classes = {
	};
	objectVersion = 55;
	objects = {

/* Begin PBXBuildFile section */
		1A384E579D4E984B588D1AE7 /* Pods_Fake_Store.framework in Frameworks */ = {isa = PBXBuildFile; fileRef = 5826DD1E33F71E33D05046BE /* Pods_Fake_Store.framework */; };
		41CB756DBD47703D195A1A51 /* Pods_Fake_Store_Fake_StoreUITests.framework in Frameworks */ = {isa = PBXBuildFile; fileRef = 9A918A35C09163FDF3708BA1 /* Pods_Fake_Store_Fake_StoreUITests.framework */; };
		4F2A78922779F68C004FC159 /* RequestBuilder.swift in Sources */ = {isa = PBXBuildFile; fileRef = 4F2A78912779F68C004FC159 /* RequestBuilder.swift */; };
		4F2A7894277A15D8004FC159 /* APIClient.swift in Sources */ = {isa = PBXBuildFile; fileRef = 4F2A7893277A15D8004FC159 /* APIClient.swift */; };
		4F2A7896277A2011004FC159 /* HomeAPIClient.swift in Sources */ = {isa = PBXBuildFile; fileRef = 4F2A7895277A2011004FC159 /* HomeAPIClient.swift */; };
		4F2A7898277A2220004FC159 /* HomeService.swift in Sources */ = {isa = PBXBuildFile; fileRef = 4F2A7897277A2220004FC159 /* HomeService.swift */; };
		4F2A789A277A229E004FC159 /* Product.swift in Sources */ = {isa = PBXBuildFile; fileRef = 4F2A7899277A229E004FC159 /* Product.swift */; };
		4F338AD1278AC0CA000D2949 /* LoginViewModel.swift in Sources */ = {isa = PBXBuildFile; fileRef = 4F338AD0278AC0CA000D2949 /* LoginViewModel.swift */; };
		4F480E9E2791AE0300DCA8E4 /* PageCollectionView.swift in Sources */ = {isa = PBXBuildFile; fileRef = 4F480E9D2791AE0300DCA8E4 /* PageCollectionView.swift */; };
		4F480EA02791B00600DCA8E4 /* PagingCollectionViewCell.swift in Sources */ = {isa = PBXBuildFile; fileRef = 4F480E9F2791B00600DCA8E4 /* PagingCollectionViewCell.swift */; };
		4F480EA22791B91800DCA8E4 /* HomeView.swift in Sources */ = {isa = PBXBuildFile; fileRef = 4F480EA12791B91800DCA8E4 /* HomeView.swift */; };
		4F480EA42791D7B500DCA8E4 /* PagingFlowLayout.swift in Sources */ = {isa = PBXBuildFile; fileRef = 4F480EA32791D7B500DCA8E4 /* PagingFlowLayout.swift */; };
		4F6CBD3D2774898300C6A5A3 /* AppColor.swift in Sources */ = {isa = PBXBuildFile; fileRef = 4F6CBD3C2774898300C6A5A3 /* AppColor.swift */; };
		4F74BD4D277C958800F4BB35 /* LoginView.swift in Sources */ = {isa = PBXBuildFile; fileRef = 4F74BD4C277C958800F4BB35 /* LoginView.swift */; };
		4F74BD4F277C959300F4BB35 /* LoginViewController.swift in Sources */ = {isa = PBXBuildFile; fileRef = 4F74BD4E277C959300F4BB35 /* LoginViewController.swift */; };
		4F74BD51277CA40700F4BB35 /* LoginTextField.swift in Sources */ = {isa = PBXBuildFile; fileRef = 4F74BD50277CA40700F4BB35 /* LoginTextField.swift */; };
		4F74BD57277CD25D00F4BB35 /* LoginTableViewCell.swift in Sources */ = {isa = PBXBuildFile; fileRef = 4F74BD56277CD25D00F4BB35 /* LoginTableViewCell.swift */; };
		4F74BD59277CD27200F4BB35 /* SignInTableViewCell.swift in Sources */ = {isa = PBXBuildFile; fileRef = 4F74BD58277CD27200F4BB35 /* SignInTableViewCell.swift */; };
		4F74BD5B277DBE0B00F4BB35 /* LoginTableHeaderView.swift in Sources */ = {isa = PBXBuildFile; fileRef = 4F74BD5A277DBE0B00F4BB35 /* LoginTableHeaderView.swift */; };
		4F74BD5D277DD21800F4BB35 /* LoginTableView.swift in Sources */ = {isa = PBXBuildFile; fileRef = 4F74BD5C277DD21800F4BB35 /* LoginTableView.swift */; };
		4F74BD5F277DD48F00F4BB35 /* LoginTableFooterView.swift in Sources */ = {isa = PBXBuildFile; fileRef = 4F74BD5E277DD48F00F4BB35 /* LoginTableFooterView.swift */; };
		4F97881C278C59F300D89DD4 /* UITableViewCell+Ext.swift in Sources */ = {isa = PBXBuildFile; fileRef = 4F97881B278C59F300D89DD4 /* UITableViewCell+Ext.swift */; };
		4F97881E278C5A1300D89DD4 /* UITableView+Ext.swift in Sources */ = {isa = PBXBuildFile; fileRef = 4F97881D278C5A1300D89DD4 /* UITableView+Ext.swift */; };
		4F978822278D7EF000D89DD4 /* AuthAPIClient.swift in Sources */ = {isa = PBXBuildFile; fileRef = 4F978821278D7EEF00D89DD4 /* AuthAPIClient.swift */; };
		4F978824278D807900D89DD4 /* AuthService.swift in Sources */ = {isa = PBXBuildFile; fileRef = 4F978823278D807900D89DD4 /* AuthService.swift */; };
		4F978827278DC86E00D89DD4 /* SessionRepository.swift in Sources */ = {isa = PBXBuildFile; fileRef = 4F978826278DC86E00D89DD4 /* SessionRepository.swift */; };
		4FA20A542774988A003E3703 /* AppImages.swift in Sources */ = {isa = PBXBuildFile; fileRef = 4FA20A532774988A003E3703 /* AppImages.swift */; };
		4FB56D34277B155F00AA0810 /* DIContainer.swift in Sources */ = {isa = PBXBuildFile; fileRef = 4FB56D33277B155F00AA0810 /* DIContainer.swift */; };
		4FB56D39277C514C00AA0810 /* WishlistService.swift in Sources */ = {isa = PBXBuildFile; fileRef = 4FB56D38277C514C00AA0810 /* WishlistService.swift */; };
		4FB56D3B277C517900AA0810 /* WishlistAPIClient.swift in Sources */ = {isa = PBXBuildFile; fileRef = 4FB56D3A277C517900AA0810 /* WishlistAPIClient.swift */; };
		4FB56D3D277C54AD00AA0810 /* ProfileService.swift in Sources */ = {isa = PBXBuildFile; fileRef = 4FB56D3C277C54AD00AA0810 /* ProfileService.swift */; };
		4FB56D3F277C54DF00AA0810 /* ProfileAPIClient.swift in Sources */ = {isa = PBXBuildFile; fileRef = 4FB56D3E277C54DF00AA0810 /* ProfileAPIClient.swift */; };
		4FB56D41277C550B00AA0810 /* CartService.swift in Sources */ = {isa = PBXBuildFile; fileRef = 4FB56D40277C550B00AA0810 /* CartService.swift */; };
		4FB56D43277C552E00AA0810 /* CartAPIClient.swift in Sources */ = {isa = PBXBuildFile; fileRef = 4FB56D42277C552E00AA0810 /* CartAPIClient.swift */; };
		4FF3E52E27958BD6000D7B3F /* UICollectionView+Ext.swift in Sources */ = {isa = PBXBuildFile; fileRef = 4FF3E52D27958BD6000D7B3F /* UICollectionView+Ext.swift */; };
		4FF3E53027958C3D000D7B3F /* UICollectionViewCell+Ext.swift in Sources */ = {isa = PBXBuildFile; fileRef = 4FF3E52F27958C3D000D7B3F /* UICollectionViewCell+Ext.swift */; };
		4FF3E5332795BFB0000D7B3F /* PageContent.swift in Sources */ = {isa = PBXBuildFile; fileRef = 4FF3E5322795BFB0000D7B3F /* PageContent.swift */; };
		4FF3E5372796CF4C000D7B3F /* PageContentView.swift in Sources */ = {isa = PBXBuildFile; fileRef = 4FF3E5362796CF4C000D7B3F /* PageContentView.swift */; };
		4FF90EAA2774CCE200025DB5 /* StoreTabBarController.swift in Sources */ = {isa = PBXBuildFile; fileRef = 4FF90EA92774CCE200025DB5 /* StoreTabBarController.swift */; };
		4FF90EB82774D55A00025DB5 /* WishlistViewController.swift in Sources */ = {isa = PBXBuildFile; fileRef = 4FF90EB72774D55A00025DB5 /* WishlistViewController.swift */; };
		4FF90EBA2774D56200025DB5 /* CartViewController.swift in Sources */ = {isa = PBXBuildFile; fileRef = 4FF90EB92774D56200025DB5 /* CartViewController.swift */; };
		4FF90EBC2774D57D00025DB5 /* HomeViewController.swift in Sources */ = {isa = PBXBuildFile; fileRef = 4FF90EBB2774D57D00025DB5 /* HomeViewController.swift */; };
		4FF90EBE2774D58700025DB5 /* ProfileViewController.swift in Sources */ = {isa = PBXBuildFile; fileRef = 4FF90EBD2774D58700025DB5 /* ProfileViewController.swift */; };
		4FF90EC12774D6AC00025DB5 /* StoreNavigationController.swift in Sources */ = {isa = PBXBuildFile; fileRef = 4FF90EC02774D6AC00025DB5 /* StoreNavigationController.swift */; };
		4FF90EC42775CC2A00025DB5 /* HomeViewModel.swift in Sources */ = {isa = PBXBuildFile; fileRef = 4FF90EC32775CC2A00025DB5 /* HomeViewModel.swift */; };
		4FF90EC62775CC5E00025DB5 /* WishlistViewModel.swift in Sources */ = {isa = PBXBuildFile; fileRef = 4FF90EC52775CC5E00025DB5 /* WishlistViewModel.swift */; };
		4FF90ECA2775CC7F00025DB5 /* CartViewModel.swift in Sources */ = {isa = PBXBuildFile; fileRef = 4FF90EC92775CC7F00025DB5 /* CartViewModel.swift */; };
		4FF90ECD2775CC9B00025DB5 /* ProfileViewModel.swift in Sources */ = {isa = PBXBuildFile; fileRef = 4FF90ECC2775CC9B00025DB5 /* ProfileViewModel.swift */; };
		4FF90ED02775D5E700025DB5 /* ModuleFactory.swift in Sources */ = {isa = PBXBuildFile; fileRef = 4FF90ECF2775D5E700025DB5 /* ModuleFactory.swift */; };
		4FF90ED22776072700025DB5 /* ViewModelFactory.swift in Sources */ = {isa = PBXBuildFile; fileRef = 4FF90ED12776072700025DB5 /* ViewModelFactory.swift */; };
		CAE3BD7B62752E3BE0467791 /* Pods_Fake_StoreTests.framework in Frameworks */ = {isa = PBXBuildFile; fileRef = 3E22EAC630BA9980F29C5501 /* Pods_Fake_StoreTests.framework */; };
		E8621D99277005A2004C3080 /* AppDelegate.swift in Sources */ = {isa = PBXBuildFile; fileRef = E8621D98277005A2004C3080 /* AppDelegate.swift */; };
		E8621D9B277005A2004C3080 /* SceneDelegate.swift in Sources */ = {isa = PBXBuildFile; fileRef = E8621D9A277005A2004C3080 /* SceneDelegate.swift */; };
		E8621DA2277005A6004C3080 /* Assets.xcassets in Resources */ = {isa = PBXBuildFile; fileRef = E8621DA1277005A6004C3080 /* Assets.xcassets */; };
		E8621DA5277005A6004C3080 /* LaunchScreen.storyboard in Resources */ = {isa = PBXBuildFile; fileRef = E8621DA3277005A6004C3080 /* LaunchScreen.storyboard */; };
		E8621DB0277005A6004C3080 /* Fake_StoreTests.swift in Sources */ = {isa = PBXBuildFile; fileRef = E8621DAF277005A6004C3080 /* Fake_StoreTests.swift */; };
		E8621DBA277005A6004C3080 /* Fake_StoreUITests.swift in Sources */ = {isa = PBXBuildFile; fileRef = E8621DB9277005A6004C3080 /* Fake_StoreUITests.swift */; };
		E8621DBC277005A6004C3080 /* Fake_StoreUITestsLaunchTests.swift in Sources */ = {isa = PBXBuildFile; fileRef = E8621DBB277005A6004C3080 /* Fake_StoreUITestsLaunchTests.swift */; };
/* End PBXBuildFile section */

/* Begin PBXContainerItemProxy section */
		E8621DAC277005A6004C3080 /* PBXContainerItemProxy */ = {
			isa = PBXContainerItemProxy;
			containerPortal = E8621D8D277005A2004C3080 /* Project object */;
			proxyType = 1;
			remoteGlobalIDString = E8621D94277005A2004C3080;
			remoteInfo = "Fake Store";
		};
		E8621DB6277005A6004C3080 /* PBXContainerItemProxy */ = {
			isa = PBXContainerItemProxy;
			containerPortal = E8621D8D277005A2004C3080 /* Project object */;
			proxyType = 1;
			remoteGlobalIDString = E8621D94277005A2004C3080;
			remoteInfo = "Fake Store";
		};
/* End PBXContainerItemProxy section */

/* Begin PBXFileReference section */
		070B9885CD6CEFB9AE21A2A5 /* Pods-Fake Store-Fake StoreUITests.debug.xcconfig */ = {isa = PBXFileReference; includeInIndex = 1; lastKnownFileType = text.xcconfig; name = "Pods-Fake Store-Fake StoreUITests.debug.xcconfig"; path = "Target Support Files/Pods-Fake Store-Fake StoreUITests/Pods-Fake Store-Fake StoreUITests.debug.xcconfig"; sourceTree = "<group>"; };
		229A021638703F015612B8F8 /* Pods-Fake StoreTests.debug.xcconfig */ = {isa = PBXFileReference; includeInIndex = 1; lastKnownFileType = text.xcconfig; name = "Pods-Fake StoreTests.debug.xcconfig"; path = "Target Support Files/Pods-Fake StoreTests/Pods-Fake StoreTests.debug.xcconfig"; sourceTree = "<group>"; };
		2CEA927221CF0D9114A0AD68 /* Pods-Fake Store-Fake StoreUITests.release.xcconfig */ = {isa = PBXFileReference; includeInIndex = 1; lastKnownFileType = text.xcconfig; name = "Pods-Fake Store-Fake StoreUITests.release.xcconfig"; path = "Target Support Files/Pods-Fake Store-Fake StoreUITests/Pods-Fake Store-Fake StoreUITests.release.xcconfig"; sourceTree = "<group>"; };
		3CE282A4CF12898248268B52 /* Pods-Fake Store.debug.xcconfig */ = {isa = PBXFileReference; includeInIndex = 1; lastKnownFileType = text.xcconfig; name = "Pods-Fake Store.debug.xcconfig"; path = "Target Support Files/Pods-Fake Store/Pods-Fake Store.debug.xcconfig"; sourceTree = "<group>"; };
		3E22EAC630BA9980F29C5501 /* Pods_Fake_StoreTests.framework */ = {isa = PBXFileReference; explicitFileType = wrapper.framework; includeInIndex = 0; path = Pods_Fake_StoreTests.framework; sourceTree = BUILT_PRODUCTS_DIR; };
		4F2A78912779F68C004FC159 /* RequestBuilder.swift */ = {isa = PBXFileReference; lastKnownFileType = sourcecode.swift; path = RequestBuilder.swift; sourceTree = "<group>"; };
		4F2A7893277A15D8004FC159 /* APIClient.swift */ = {isa = PBXFileReference; lastKnownFileType = sourcecode.swift; path = APIClient.swift; sourceTree = "<group>"; };
		4F2A7895277A2011004FC159 /* HomeAPIClient.swift */ = {isa = PBXFileReference; lastKnownFileType = sourcecode.swift; path = HomeAPIClient.swift; sourceTree = "<group>"; };
		4F2A7897277A2220004FC159 /* HomeService.swift */ = {isa = PBXFileReference; lastKnownFileType = sourcecode.swift; path = HomeService.swift; sourceTree = "<group>"; };
		4F2A7899277A229E004FC159 /* Product.swift */ = {isa = PBXFileReference; lastKnownFileType = sourcecode.swift; path = Product.swift; sourceTree = "<group>"; };
		4F338AD0278AC0CA000D2949 /* LoginViewModel.swift */ = {isa = PBXFileReference; lastKnownFileType = sourcecode.swift; path = LoginViewModel.swift; sourceTree = "<group>"; };
		4F480E9D2791AE0300DCA8E4 /* PageCollectionView.swift */ = {isa = PBXFileReference; lastKnownFileType = sourcecode.swift; path = PageCollectionView.swift; sourceTree = "<group>"; };
		4F480E9F2791B00600DCA8E4 /* PagingCollectionViewCell.swift */ = {isa = PBXFileReference; lastKnownFileType = sourcecode.swift; path = PagingCollectionViewCell.swift; sourceTree = "<group>"; };
		4F480EA12791B91800DCA8E4 /* HomeView.swift */ = {isa = PBXFileReference; lastKnownFileType = sourcecode.swift; path = HomeView.swift; sourceTree = "<group>"; };
		4F480EA32791D7B500DCA8E4 /* PagingFlowLayout.swift */ = {isa = PBXFileReference; lastKnownFileType = sourcecode.swift; path = PagingFlowLayout.swift; sourceTree = "<group>"; };
		4F6CBD3C2774898300C6A5A3 /* AppColor.swift */ = {isa = PBXFileReference; lastKnownFileType = sourcecode.swift; path = AppColor.swift; sourceTree = "<group>"; };
		4F74BD4C277C958800F4BB35 /* LoginView.swift */ = {isa = PBXFileReference; lastKnownFileType = sourcecode.swift; path = LoginView.swift; sourceTree = "<group>"; };
		4F74BD4E277C959300F4BB35 /* LoginViewController.swift */ = {isa = PBXFileReference; lastKnownFileType = sourcecode.swift; path = LoginViewController.swift; sourceTree = "<group>"; };
		4F74BD50277CA40700F4BB35 /* LoginTextField.swift */ = {isa = PBXFileReference; lastKnownFileType = sourcecode.swift; path = LoginTextField.swift; sourceTree = "<group>"; };
		4F74BD56277CD25D00F4BB35 /* LoginTableViewCell.swift */ = {isa = PBXFileReference; lastKnownFileType = sourcecode.swift; path = LoginTableViewCell.swift; sourceTree = "<group>"; };
		4F74BD58277CD27200F4BB35 /* SignInTableViewCell.swift */ = {isa = PBXFileReference; lastKnownFileType = sourcecode.swift; path = SignInTableViewCell.swift; sourceTree = "<group>"; };
		4F74BD5A277DBE0B00F4BB35 /* LoginTableHeaderView.swift */ = {isa = PBXFileReference; lastKnownFileType = sourcecode.swift; path = LoginTableHeaderView.swift; sourceTree = "<group>"; };
		4F74BD5C277DD21800F4BB35 /* LoginTableView.swift */ = {isa = PBXFileReference; lastKnownFileType = sourcecode.swift; path = LoginTableView.swift; sourceTree = "<group>"; };
		4F74BD5E277DD48F00F4BB35 /* LoginTableFooterView.swift */ = {isa = PBXFileReference; lastKnownFileType = sourcecode.swift; path = LoginTableFooterView.swift; sourceTree = "<group>"; };
		4F97881B278C59F300D89DD4 /* UITableViewCell+Ext.swift */ = {isa = PBXFileReference; lastKnownFileType = sourcecode.swift; path = "UITableViewCell+Ext.swift"; sourceTree = "<group>"; };
		4F97881D278C5A1300D89DD4 /* UITableView+Ext.swift */ = {isa = PBXFileReference; lastKnownFileType = sourcecode.swift; path = "UITableView+Ext.swift"; sourceTree = "<group>"; };
		4F978821278D7EEF00D89DD4 /* AuthAPIClient.swift */ = {isa = PBXFileReference; lastKnownFileType = sourcecode.swift; path = AuthAPIClient.swift; sourceTree = "<group>"; };
		4F978823278D807900D89DD4 /* AuthService.swift */ = {isa = PBXFileReference; lastKnownFileType = sourcecode.swift; path = AuthService.swift; sourceTree = "<group>"; };
		4F978826278DC86E00D89DD4 /* SessionRepository.swift */ = {isa = PBXFileReference; lastKnownFileType = sourcecode.swift; path = SessionRepository.swift; sourceTree = "<group>"; };
		4FA20A532774988A003E3703 /* AppImages.swift */ = {isa = PBXFileReference; lastKnownFileType = sourcecode.swift; path = AppImages.swift; sourceTree = "<group>"; };
		4FB56D33277B155F00AA0810 /* DIContainer.swift */ = {isa = PBXFileReference; lastKnownFileType = sourcecode.swift; path = DIContainer.swift; sourceTree = "<group>"; };
		4FB56D38277C514C00AA0810 /* WishlistService.swift */ = {isa = PBXFileReference; lastKnownFileType = sourcecode.swift; path = WishlistService.swift; sourceTree = "<group>"; };
		4FB56D3A277C517900AA0810 /* WishlistAPIClient.swift */ = {isa = PBXFileReference; lastKnownFileType = sourcecode.swift; path = WishlistAPIClient.swift; sourceTree = "<group>"; };
		4FB56D3C277C54AD00AA0810 /* ProfileService.swift */ = {isa = PBXFileReference; lastKnownFileType = sourcecode.swift; path = ProfileService.swift; sourceTree = "<group>"; };
		4FB56D3E277C54DF00AA0810 /* ProfileAPIClient.swift */ = {isa = PBXFileReference; lastKnownFileType = sourcecode.swift; path = ProfileAPIClient.swift; sourceTree = "<group>"; };
		4FB56D40277C550B00AA0810 /* CartService.swift */ = {isa = PBXFileReference; lastKnownFileType = sourcecode.swift; path = CartService.swift; sourceTree = "<group>"; };
		4FB56D42277C552E00AA0810 /* CartAPIClient.swift */ = {isa = PBXFileReference; lastKnownFileType = sourcecode.swift; path = CartAPIClient.swift; sourceTree = "<group>"; };
		4FF3E52D27958BD6000D7B3F /* UICollectionView+Ext.swift */ = {isa = PBXFileReference; lastKnownFileType = sourcecode.swift; path = "UICollectionView+Ext.swift"; sourceTree = "<group>"; };
		4FF3E52F27958C3D000D7B3F /* UICollectionViewCell+Ext.swift */ = {isa = PBXFileReference; lastKnownFileType = sourcecode.swift; path = "UICollectionViewCell+Ext.swift"; sourceTree = "<group>"; };
		4FF3E5322795BFB0000D7B3F /* PageContent.swift */ = {isa = PBXFileReference; lastKnownFileType = sourcecode.swift; path = PageContent.swift; sourceTree = "<group>"; };
		4FF3E5362796CF4C000D7B3F /* PageContentView.swift */ = {isa = PBXFileReference; lastKnownFileType = sourcecode.swift; path = PageContentView.swift; sourceTree = "<group>"; };
		4FF90EA92774CCE200025DB5 /* StoreTabBarController.swift */ = {isa = PBXFileReference; lastKnownFileType = sourcecode.swift; path = StoreTabBarController.swift; sourceTree = "<group>"; };
		4FF90EB72774D55A00025DB5 /* WishlistViewController.swift */ = {isa = PBXFileReference; lastKnownFileType = sourcecode.swift; path = WishlistViewController.swift; sourceTree = "<group>"; };
		4FF90EB92774D56200025DB5 /* CartViewController.swift */ = {isa = PBXFileReference; lastKnownFileType = sourcecode.swift; path = CartViewController.swift; sourceTree = "<group>"; };
		4FF90EBB2774D57D00025DB5 /* HomeViewController.swift */ = {isa = PBXFileReference; lastKnownFileType = sourcecode.swift; path = HomeViewController.swift; sourceTree = "<group>"; };
		4FF90EBD2774D58700025DB5 /* ProfileViewController.swift */ = {isa = PBXFileReference; lastKnownFileType = sourcecode.swift; path = ProfileViewController.swift; sourceTree = "<group>"; };
		4FF90EC02774D6AC00025DB5 /* StoreNavigationController.swift */ = {isa = PBXFileReference; lastKnownFileType = sourcecode.swift; path = StoreNavigationController.swift; sourceTree = "<group>"; };
		4FF90EC32775CC2A00025DB5 /* HomeViewModel.swift */ = {isa = PBXFileReference; lastKnownFileType = sourcecode.swift; path = HomeViewModel.swift; sourceTree = "<group>"; };
		4FF90EC52775CC5E00025DB5 /* WishlistViewModel.swift */ = {isa = PBXFileReference; lastKnownFileType = sourcecode.swift; path = WishlistViewModel.swift; sourceTree = "<group>"; };
		4FF90EC92775CC7F00025DB5 /* CartViewModel.swift */ = {isa = PBXFileReference; lastKnownFileType = sourcecode.swift; path = CartViewModel.swift; sourceTree = "<group>"; };
		4FF90ECC2775CC9B00025DB5 /* ProfileViewModel.swift */ = {isa = PBXFileReference; lastKnownFileType = sourcecode.swift; path = ProfileViewModel.swift; sourceTree = "<group>"; };
		4FF90ECF2775D5E700025DB5 /* ModuleFactory.swift */ = {isa = PBXFileReference; lastKnownFileType = sourcecode.swift; path = ModuleFactory.swift; sourceTree = "<group>"; };
		4FF90ED12776072700025DB5 /* ViewModelFactory.swift */ = {isa = PBXFileReference; lastKnownFileType = sourcecode.swift; path = ViewModelFactory.swift; sourceTree = "<group>"; };
		5826DD1E33F71E33D05046BE /* Pods_Fake_Store.framework */ = {isa = PBXFileReference; explicitFileType = wrapper.framework; includeInIndex = 0; path = Pods_Fake_Store.framework; sourceTree = BUILT_PRODUCTS_DIR; };
		602CF8E9BE82DE0D73CB66A8 /* Pods-Fake Store.release.xcconfig */ = {isa = PBXFileReference; includeInIndex = 1; lastKnownFileType = text.xcconfig; name = "Pods-Fake Store.release.xcconfig"; path = "Target Support Files/Pods-Fake Store/Pods-Fake Store.release.xcconfig"; sourceTree = "<group>"; };
		7A0368D9BD1C35A146A19CB6 /* Pods-Fake StoreTests.release.xcconfig */ = {isa = PBXFileReference; includeInIndex = 1; lastKnownFileType = text.xcconfig; name = "Pods-Fake StoreTests.release.xcconfig"; path = "Target Support Files/Pods-Fake StoreTests/Pods-Fake StoreTests.release.xcconfig"; sourceTree = "<group>"; };
		9A918A35C09163FDF3708BA1 /* Pods_Fake_Store_Fake_StoreUITests.framework */ = {isa = PBXFileReference; explicitFileType = wrapper.framework; includeInIndex = 0; path = Pods_Fake_Store_Fake_StoreUITests.framework; sourceTree = BUILT_PRODUCTS_DIR; };
		E8621D95277005A2004C3080 /* Fake Store.app */ = {isa = PBXFileReference; explicitFileType = wrapper.application; includeInIndex = 0; path = "Fake Store.app"; sourceTree = BUILT_PRODUCTS_DIR; };
		E8621D98277005A2004C3080 /* AppDelegate.swift */ = {isa = PBXFileReference; lastKnownFileType = sourcecode.swift; path = AppDelegate.swift; sourceTree = "<group>"; };
		E8621D9A277005A2004C3080 /* SceneDelegate.swift */ = {isa = PBXFileReference; lastKnownFileType = sourcecode.swift; path = SceneDelegate.swift; sourceTree = "<group>"; };
		E8621DA1277005A6004C3080 /* Assets.xcassets */ = {isa = PBXFileReference; lastKnownFileType = folder.assetcatalog; path = Assets.xcassets; sourceTree = "<group>"; };
		E8621DA4277005A6004C3080 /* Base */ = {isa = PBXFileReference; lastKnownFileType = file.storyboard; name = Base; path = Base.lproj/LaunchScreen.storyboard; sourceTree = "<group>"; };
		E8621DA6277005A6004C3080 /* Info.plist */ = {isa = PBXFileReference; lastKnownFileType = text.plist.xml; path = Info.plist; sourceTree = "<group>"; };
		E8621DAB277005A6004C3080 /* Fake StoreTests.xctest */ = {isa = PBXFileReference; explicitFileType = wrapper.cfbundle; includeInIndex = 0; path = "Fake StoreTests.xctest"; sourceTree = BUILT_PRODUCTS_DIR; };
		E8621DAF277005A6004C3080 /* Fake_StoreTests.swift */ = {isa = PBXFileReference; lastKnownFileType = sourcecode.swift; path = Fake_StoreTests.swift; sourceTree = "<group>"; };
		E8621DB5277005A6004C3080 /* Fake StoreUITests.xctest */ = {isa = PBXFileReference; explicitFileType = wrapper.cfbundle; includeInIndex = 0; path = "Fake StoreUITests.xctest"; sourceTree = BUILT_PRODUCTS_DIR; };
		E8621DB9277005A6004C3080 /* Fake_StoreUITests.swift */ = {isa = PBXFileReference; lastKnownFileType = sourcecode.swift; path = Fake_StoreUITests.swift; sourceTree = "<group>"; };
		E8621DBB277005A6004C3080 /* Fake_StoreUITestsLaunchTests.swift */ = {isa = PBXFileReference; lastKnownFileType = sourcecode.swift; path = Fake_StoreUITestsLaunchTests.swift; sourceTree = "<group>"; };
/* End PBXFileReference section */

/* Begin PBXFrameworksBuildPhase section */
		E8621D92277005A2004C3080 /* Frameworks */ = {
			isa = PBXFrameworksBuildPhase;
			buildActionMask = 2147483647;
			files = (
				1A384E579D4E984B588D1AE7 /* Pods_Fake_Store.framework in Frameworks */,
			);
			runOnlyForDeploymentPostprocessing = 0;
		};
		E8621DA8277005A6004C3080 /* Frameworks */ = {
			isa = PBXFrameworksBuildPhase;
			buildActionMask = 2147483647;
			files = (
				CAE3BD7B62752E3BE0467791 /* Pods_Fake_StoreTests.framework in Frameworks */,
			);
			runOnlyForDeploymentPostprocessing = 0;
		};
		E8621DB2277005A6004C3080 /* Frameworks */ = {
			isa = PBXFrameworksBuildPhase;
			buildActionMask = 2147483647;
			files = (
				41CB756DBD47703D195A1A51 /* Pods_Fake_Store_Fake_StoreUITests.framework in Frameworks */,
			);
			runOnlyForDeploymentPostprocessing = 0;
		};
/* End PBXFrameworksBuildPhase section */

/* Begin PBXGroup section */
		11F377B38885C811B5B28633 /* Frameworks */ = {
			isa = PBXGroup;
			children = (
				5826DD1E33F71E33D05046BE /* Pods_Fake_Store.framework */,
				9A918A35C09163FDF3708BA1 /* Pods_Fake_Store_Fake_StoreUITests.framework */,
				3E22EAC630BA9980F29C5501 /* Pods_Fake_StoreTests.framework */,
			);
			name = Frameworks;
			sourceTree = "<group>";
		};
		4F2A78892779F3CD004FC159 /* ApplicationLayer */ = {
			isa = PBXGroup;
			children = (
				E8621D98277005A2004C3080 /* AppDelegate.swift */,
				E8621D9A277005A2004C3080 /* SceneDelegate.swift */,
			);
			path = ApplicationLayer;
			sourceTree = "<group>";
		};
		4F2A788A2779F408004FC159 /* DI */ = {
			isa = PBXGroup;
			children = (
				4FB56D33277B155F00AA0810 /* DIContainer.swift */,
			);
			path = DI;
			sourceTree = "<group>";
		};
		4F2A788B2779F41A004FC159 /* Builder */ = {
			isa = PBXGroup;
			children = (
				4F2A78912779F68C004FC159 /* RequestBuilder.swift */,
			);
			path = Builder;
			sourceTree = "<group>";
		};
		4F2A788C2779F612004FC159 /* Model */ = {
			isa = PBXGroup;
			children = (
				4FF3E5312795BFA6000D7B3F /* AppEntities */,
				4F978825278DC86000D89DD4 /* Store */,
				4F2A788D2779F620004FC159 /* Network */,
			);
			path = Model;
			sourceTree = "<group>";
		};
		4F2A788D2779F620004FC159 /* Network */ = {
			isa = PBXGroup;
			children = (
				4F2A788E2779F62E004FC159 /* Entities */,
				4F2A788F2779F635004FC159 /* APIClients */,
				4F2A78902779F641004FC159 /* Services */,
			);
			path = Network;
			sourceTree = "<group>";
		};
		4F2A788E2779F62E004FC159 /* Entities */ = {
			isa = PBXGroup;
			children = (
				4F2A7899277A229E004FC159 /* Product.swift */,
			);
			path = Entities;
			sourceTree = "<group>";
		};
		4F2A788F2779F635004FC159 /* APIClients */ = {
			isa = PBXGroup;
			children = (
				4F2A7893277A15D8004FC159 /* APIClient.swift */,
				4F2A7895277A2011004FC159 /* HomeAPIClient.swift */,
				4FB56D3A277C517900AA0810 /* WishlistAPIClient.swift */,
				4FB56D42277C552E00AA0810 /* CartAPIClient.swift */,
				4FB56D3E277C54DF00AA0810 /* ProfileAPIClient.swift */,
				4F978821278D7EEF00D89DD4 /* AuthAPIClient.swift */,
			);
			path = APIClients;
			sourceTree = "<group>";
		};
		4F2A78902779F641004FC159 /* Services */ = {
			isa = PBXGroup;
			children = (
				4F2A7897277A2220004FC159 /* HomeService.swift */,
				4FB56D38277C514C00AA0810 /* WishlistService.swift */,
				4FB56D40277C550B00AA0810 /* CartService.swift */,
				4FB56D3C277C54AD00AA0810 /* ProfileService.swift */,
				4F978823278D807900D89DD4 /* AuthService.swift */,
			);
			path = Services;
			sourceTree = "<group>";
		};
		4F338AD2278AD423000D2949 /* Table */ = {
			isa = PBXGroup;
			children = (
				4F74BD56277CD25D00F4BB35 /* LoginTableViewCell.swift */,
				4F74BD58277CD27200F4BB35 /* SignInTableViewCell.swift */,
				4F74BD5A277DBE0B00F4BB35 /* LoginTableHeaderView.swift */,
				4F74BD5E277DD48F00F4BB35 /* LoginTableFooterView.swift */,
				4F74BD5C277DD21800F4BB35 /* LoginTableView.swift */,
			);
			path = Table;
			sourceTree = "<group>";
		};
		4F480E9C2791ADC900DCA8E4 /* Paging */ = {
			isa = PBXGroup;
			children = (
				4F480E9D2791AE0300DCA8E4 /* PageCollectionView.swift */,
				4F480E9F2791B00600DCA8E4 /* PagingCollectionViewCell.swift */,
				4F480EA32791D7B500DCA8E4 /* PagingFlowLayout.swift */,
				4FF3E5362796CF4C000D7B3F /* PageContentView.swift */,
			);
			path = Paging;
			sourceTree = "<group>";
		};
		4F6CBD3B2774895100C6A5A3 /* Utilities */ = {
			isa = PBXGroup;
			children = (
				4F97881A278C59DE00D89DD4 /* Extensions */,
				E8621DCC27700873004C3080 /* Helpers */,
			);
			path = Utilities;
			sourceTree = "<group>";
		};
		4F74BD47277C951A00F4BB35 /* Login */ = {
			isa = PBXGroup;
			children = (
				4F74BD48277C952500F4BB35 /* View */,
				4F74BD49277C952C00F4BB35 /* ViewModel */,
			);
			path = Login;
			sourceTree = "<group>";
		};
		4F74BD48277C952500F4BB35 /* View */ = {
			isa = PBXGroup;
			children = (
				4F338AD2278AD423000D2949 /* Table */,
				4F74BD4C277C958800F4BB35 /* LoginView.swift */,
				4F74BD4E277C959300F4BB35 /* LoginViewController.swift */,
			);
			path = View;
			sourceTree = "<group>";
		};
		4F74BD49277C952C00F4BB35 /* ViewModel */ = {
			isa = PBXGroup;
			children = (
				4F338AD0278AC0CA000D2949 /* LoginViewModel.swift */,
			);
			path = ViewModel;
			sourceTree = "<group>";
		};
		4F74BD52277CA40B00F4BB35 /* TextField */ = {
			isa = PBXGroup;
			children = (
				4F74BD50277CA40700F4BB35 /* LoginTextField.swift */,
			);
			path = TextField;
			sourceTree = "<group>";
		};
		4F97881A278C59DE00D89DD4 /* Extensions */ = {
			isa = PBXGroup;
			children = (
				4F97881B278C59F300D89DD4 /* UITableViewCell+Ext.swift */,
				4F97881D278C5A1300D89DD4 /* UITableView+Ext.swift */,
				4FF3E52F27958C3D000D7B3F /* UICollectionViewCell+Ext.swift */,
				4FF3E52D27958BD6000D7B3F /* UICollectionView+Ext.swift */,
			);
			path = Extensions;
			sourceTree = "<group>";
		};
		4F978825278DC86000D89DD4 /* Store */ = {
			isa = PBXGroup;
			children = (
				4F978826278DC86E00D89DD4 /* SessionRepository.swift */,
			);
			path = Store;
			sourceTree = "<group>";
		};
		4FB56D44277C59C300AA0810 /* ViewModel */ = {
			isa = PBXGroup;
			children = (
				4FF90ECC2775CC9B00025DB5 /* ProfileViewModel.swift */,
			);
			path = ViewModel;
			sourceTree = "<group>";
		};
		4FF3E5312795BFA6000D7B3F /* AppEntities */ = {
			isa = PBXGroup;
			children = (
				4FF3E5322795BFB0000D7B3F /* PageContent.swift */,
			);
			path = AppEntities;
			sourceTree = "<group>";
		};
		4FF90EA82774CCBC00025DB5 /* TabBar */ = {
			isa = PBXGroup;
			children = (
				4FF90EAF2774D50800025DB5 /* VIew */,
			);
			path = TabBar;
			sourceTree = "<group>";
		};
		4FF90EAB2774D2BB00025DB5 /* Home */ = {
			isa = PBXGroup;
			children = (
				4FF90EB02774D51600025DB5 /* View */,
				4FF90EC22775CBF300025DB5 /* ViewModel */,
			);
			path = Home;
			sourceTree = "<group>";
		};
		4FF90EAC2774D2C700025DB5 /* Wishlist */ = {
			isa = PBXGroup;
			children = (
				4FF90EB12774D51D00025DB5 /* View */,
				4FF90EC82775CC7100025DB5 /* ViewModel */,
			);
			path = Wishlist;
			sourceTree = "<group>";
		};
		4FF90EAD2774D2D500025DB5 /* Cart */ = {
			isa = PBXGroup;
			children = (
				4FF90EB22774D52400025DB5 /* View */,
				4FF90ECB2775CC8C00025DB5 /* ViewModel */,
			);
			path = Cart;
			sourceTree = "<group>";
		};
		4FF90EAE2774D2DB00025DB5 /* Profile */ = {
			isa = PBXGroup;
			children = (
				4FF90EB32774D52C00025DB5 /* View */,
				4FB56D44277C59C300AA0810 /* ViewModel */,
			);
			path = Profile;
			sourceTree = "<group>";
		};
		4FF90EAF2774D50800025DB5 /* VIew */ = {
			isa = PBXGroup;
			children = (
				4FF90EA92774CCE200025DB5 /* StoreTabBarController.swift */,
			);
			path = VIew;
			sourceTree = "<group>";
		};
		4FF90EB02774D51600025DB5 /* View */ = {
			isa = PBXGroup;
			children = (
				4FF90EBB2774D57D00025DB5 /* HomeViewController.swift */,
				4F480EA12791B91800DCA8E4 /* HomeView.swift */,
			);
			path = View;
			sourceTree = "<group>";
		};
		4FF90EB12774D51D00025DB5 /* View */ = {
			isa = PBXGroup;
			children = (
				4FF90EB72774D55A00025DB5 /* WishlistViewController.swift */,
			);
			path = View;
			sourceTree = "<group>";
		};
		4FF90EB22774D52400025DB5 /* View */ = {
			isa = PBXGroup;
			children = (
				4FF90EB92774D56200025DB5 /* CartViewController.swift */,
			);
			path = View;
			sourceTree = "<group>";
		};
		4FF90EB32774D52C00025DB5 /* View */ = {
			isa = PBXGroup;
			children = (
				4FF90EBD2774D58700025DB5 /* ProfileViewController.swift */,
			);
			path = View;
			sourceTree = "<group>";
		};
		4FF90EBF2774D69000025DB5 /* NavigationController */ = {
			isa = PBXGroup;
			children = (
				4FF90EC02774D6AC00025DB5 /* StoreNavigationController.swift */,
			);
			path = NavigationController;
			sourceTree = "<group>";
		};
		4FF90EC22775CBF300025DB5 /* ViewModel */ = {
			isa = PBXGroup;
			children = (
				4FF90EC32775CC2A00025DB5 /* HomeViewModel.swift */,
			);
			path = ViewModel;
			sourceTree = "<group>";
		};
		4FF90EC82775CC7100025DB5 /* ViewModel */ = {
			isa = PBXGroup;
			children = (
				4FF90EC52775CC5E00025DB5 /* WishlistViewModel.swift */,
			);
			path = ViewModel;
			sourceTree = "<group>";
		};
		4FF90ECB2775CC8C00025DB5 /* ViewModel */ = {
			isa = PBXGroup;
			children = (
				4FF90EC92775CC7F00025DB5 /* CartViewModel.swift */,
			);
			path = ViewModel;
			sourceTree = "<group>";
		};
		4FF90ECE2775D5BB00025DB5 /* Factory */ = {
			isa = PBXGroup;
			children = (
				4FF90ECF2775D5E700025DB5 /* ModuleFactory.swift */,
				4FF90ED12776072700025DB5 /* ViewModelFactory.swift */,
			);
			path = Factory;
			sourceTree = "<group>";
		};
		DCFB4B49FA1FF7229AC9B6E3 /* Pods */ = {
			isa = PBXGroup;
			children = (
				3CE282A4CF12898248268B52 /* Pods-Fake Store.debug.xcconfig */,
				602CF8E9BE82DE0D73CB66A8 /* Pods-Fake Store.release.xcconfig */,
				070B9885CD6CEFB9AE21A2A5 /* Pods-Fake Store-Fake StoreUITests.debug.xcconfig */,
				2CEA927221CF0D9114A0AD68 /* Pods-Fake Store-Fake StoreUITests.release.xcconfig */,
				229A021638703F015612B8F8 /* Pods-Fake StoreTests.debug.xcconfig */,
				7A0368D9BD1C35A146A19CB6 /* Pods-Fake StoreTests.release.xcconfig */,
			);
			path = Pods;
			sourceTree = "<group>";
		};
		E8621D8C277005A2004C3080 = {
			isa = PBXGroup;
			children = (
				E8621D97277005A2004C3080 /* Fake Store */,
				E8621DAE277005A6004C3080 /* Fake StoreTests */,
				E8621DB8277005A6004C3080 /* Fake StoreUITests */,
				E8621D96277005A2004C3080 /* Products */,
				DCFB4B49FA1FF7229AC9B6E3 /* Pods */,
				11F377B38885C811B5B28633 /* Frameworks */,
			);
			sourceTree = "<group>";
		};
		E8621D96277005A2004C3080 /* Products */ = {
			isa = PBXGroup;
			children = (
				E8621D95277005A2004C3080 /* Fake Store.app */,
				E8621DAB277005A6004C3080 /* Fake StoreTests.xctest */,
				E8621DB5277005A6004C3080 /* Fake StoreUITests.xctest */,
			);
			name = Products;
			sourceTree = "<group>";
		};
		E8621D97277005A2004C3080 /* Fake Store */ = {
			isa = PBXGroup;
			children = (
				4F2A78892779F3CD004FC159 /* ApplicationLayer */,
				E8621DCA2770084C004C3080 /* Core */,
				4F2A788C2779F612004FC159 /* Model */,
				E8621DC92770083C004C3080 /* Views */,
				E8621DCD27700885004C3080 /* Styles */,
				E8621DCB2770085A004C3080 /* UIComponents */,
				4F6CBD3B2774895100C6A5A3 /* Utilities */,
				E8621DC827700818004C3080 /* Recources */,
				E8621DA3277005A6004C3080 /* LaunchScreen.storyboard */,
				E8621DA6277005A6004C3080 /* Info.plist */,
			);
			path = "Fake Store";
			sourceTree = "<group>";
		};
		E8621DAE277005A6004C3080 /* Fake StoreTests */ = {
			isa = PBXGroup;
			children = (
				E8621DAF277005A6004C3080 /* Fake_StoreTests.swift */,
			);
			path = "Fake StoreTests";
			sourceTree = "<group>";
		};
		E8621DB8277005A6004C3080 /* Fake StoreUITests */ = {
			isa = PBXGroup;
			children = (
				E8621DB9277005A6004C3080 /* Fake_StoreUITests.swift */,
				E8621DBB277005A6004C3080 /* Fake_StoreUITestsLaunchTests.swift */,
			);
			path = "Fake StoreUITests";
			sourceTree = "<group>";
		};
		E8621DC827700818004C3080 /* Recources */ = {
			isa = PBXGroup;
			children = (
				E8621DA1277005A6004C3080 /* Assets.xcassets */,
			);
			path = Recources;
			sourceTree = "<group>";
		};
		E8621DC92770083C004C3080 /* Views */ = {
			isa = PBXGroup;
			children = (
				4FF90EAB2774D2BB00025DB5 /* Home */,
				4FF90EAC2774D2C700025DB5 /* Wishlist */,
				4FF90EAD2774D2D500025DB5 /* Cart */,
				4FF90EAE2774D2DB00025DB5 /* Profile */,
				4F74BD47277C951A00F4BB35 /* Login */,
				4FF90EA82774CCBC00025DB5 /* TabBar */,
			);
			path = Views;
			sourceTree = "<group>";
		};
		E8621DCA2770084C004C3080 /* Core */ = {
			isa = PBXGroup;
			children = (
				4F2A788B2779F41A004FC159 /* Builder */,
				4F2A788A2779F408004FC159 /* DI */,
				4FF90ECE2775D5BB00025DB5 /* Factory */,
			);
			path = Core;
			sourceTree = "<group>";
		};
		E8621DCB2770085A004C3080 /* UIComponents */ = {
			isa = PBXGroup;
			children = (
				4F480E9C2791ADC900DCA8E4 /* Paging */,
				4FF90EBF2774D69000025DB5 /* NavigationController */,
				4F74BD52277CA40B00F4BB35 /* TextField */,
			);
			path = UIComponents;
			sourceTree = "<group>";
		};
		E8621DCC27700873004C3080 /* Helpers */ = {
			isa = PBXGroup;
			children = (
				4F6CBD3C2774898300C6A5A3 /* AppColor.swift */,
				4FA20A532774988A003E3703 /* AppImages.swift */,
			);
			path = Helpers;
			sourceTree = "<group>";
		};
		E8621DCD27700885004C3080 /* Styles */ = {
			isa = PBXGroup;
			children = (
			);
			path = Styles;
			sourceTree = "<group>";
		};
/* End PBXGroup section */

/* Begin PBXNativeTarget section */
		E8621D94277005A2004C3080 /* Fake Store */ = {
			isa = PBXNativeTarget;
			buildConfigurationList = E8621DBF277005A6004C3080 /* Build configuration list for PBXNativeTarget "Fake Store" */;
			buildPhases = (
				41C0ADC35F5812BF318F378F /* [CP] Check Pods Manifest.lock */,
				E8621D91277005A2004C3080 /* Sources */,
				E8621D92277005A2004C3080 /* Frameworks */,
				E8621D93277005A2004C3080 /* Resources */,
				2BC783A62A591E10A67DF857 /* [CP] Embed Pods Frameworks */,
			);
			buildRules = (
			);
			dependencies = (
			);
			name = "Fake Store";
			productName = "Fake Store";
			productReference = E8621D95277005A2004C3080 /* Fake Store.app */;
			productType = "com.apple.product-type.application";
		};
		E8621DAA277005A6004C3080 /* Fake StoreTests */ = {
			isa = PBXNativeTarget;
			buildConfigurationList = E8621DC2277005A6004C3080 /* Build configuration list for PBXNativeTarget "Fake StoreTests" */;
			buildPhases = (
				14D479453CB8F493DA42AE14 /* [CP] Check Pods Manifest.lock */,
				E8621DA7277005A6004C3080 /* Sources */,
				E8621DA8277005A6004C3080 /* Frameworks */,
				E8621DA9277005A6004C3080 /* Resources */,
			);
			buildRules = (
			);
			dependencies = (
				E8621DAD277005A6004C3080 /* PBXTargetDependency */,
			);
			name = "Fake StoreTests";
			productName = "Fake StoreTests";
			productReference = E8621DAB277005A6004C3080 /* Fake StoreTests.xctest */;
			productType = "com.apple.product-type.bundle.unit-test";
		};
		E8621DB4277005A6004C3080 /* Fake StoreUITests */ = {
			isa = PBXNativeTarget;
			buildConfigurationList = E8621DC5277005A6004C3080 /* Build configuration list for PBXNativeTarget "Fake StoreUITests" */;
			buildPhases = (
				25EE0907A98F23C9EA950331 /* [CP] Check Pods Manifest.lock */,
				E8621DB1277005A6004C3080 /* Sources */,
				E8621DB2277005A6004C3080 /* Frameworks */,
				E8621DB3277005A6004C3080 /* Resources */,
				6590024CF5D74FF855539A4A /* [CP] Embed Pods Frameworks */,
			);
			buildRules = (
			);
			dependencies = (
				E8621DB7277005A6004C3080 /* PBXTargetDependency */,
			);
			name = "Fake StoreUITests";
			productName = "Fake StoreUITests";
			productReference = E8621DB5277005A6004C3080 /* Fake StoreUITests.xctest */;
			productType = "com.apple.product-type.bundle.ui-testing";
		};
/* End PBXNativeTarget section */

/* Begin PBXProject section */
		E8621D8D277005A2004C3080 /* Project object */ = {
			isa = PBXProject;
			attributes = {
				BuildIndependentTargetsInParallel = 1;
				LastSwiftUpdateCheck = 1300;
				LastUpgradeCheck = 1300;
				TargetAttributes = {
					E8621D94277005A2004C3080 = {
						CreatedOnToolsVersion = 13.0;
					};
					E8621DAA277005A6004C3080 = {
						CreatedOnToolsVersion = 13.0;
						TestTargetID = E8621D94277005A2004C3080;
					};
					E8621DB4277005A6004C3080 = {
						CreatedOnToolsVersion = 13.0;
						TestTargetID = E8621D94277005A2004C3080;
					};
				};
			};
			buildConfigurationList = E8621D90277005A2004C3080 /* Build configuration list for PBXProject "Fake Store" */;
			compatibilityVersion = "Xcode 13.0";
			developmentRegion = en;
			hasScannedForEncodings = 0;
			knownRegions = (
				en,
				Base,
			);
			mainGroup = E8621D8C277005A2004C3080;
			productRefGroup = E8621D96277005A2004C3080 /* Products */;
			projectDirPath = "";
			projectRoot = "";
			targets = (
				E8621D94277005A2004C3080 /* Fake Store */,
				E8621DAA277005A6004C3080 /* Fake StoreTests */,
				E8621DB4277005A6004C3080 /* Fake StoreUITests */,
			);
		};
/* End PBXProject section */

/* Begin PBXResourcesBuildPhase section */
		E8621D93277005A2004C3080 /* Resources */ = {
			isa = PBXResourcesBuildPhase;
			buildActionMask = 2147483647;
			files = (
				E8621DA5277005A6004C3080 /* LaunchScreen.storyboard in Resources */,
				E8621DA2277005A6004C3080 /* Assets.xcassets in Resources */,
			);
			runOnlyForDeploymentPostprocessing = 0;
		};
		E8621DA9277005A6004C3080 /* Resources */ = {
			isa = PBXResourcesBuildPhase;
			buildActionMask = 2147483647;
			files = (
			);
			runOnlyForDeploymentPostprocessing = 0;
		};
		E8621DB3277005A6004C3080 /* Resources */ = {
			isa = PBXResourcesBuildPhase;
			buildActionMask = 2147483647;
			files = (
			);
			runOnlyForDeploymentPostprocessing = 0;
		};
/* End PBXResourcesBuildPhase section */

/* Begin PBXShellScriptBuildPhase section */
		14D479453CB8F493DA42AE14 /* [CP] Check Pods Manifest.lock */ = {
			isa = PBXShellScriptBuildPhase;
			buildActionMask = 2147483647;
			files = (
			);
			inputFileListPaths = (
			);
			inputPaths = (
				"${PODS_PODFILE_DIR_PATH}/Podfile.lock",
				"${PODS_ROOT}/Manifest.lock",
			);
			name = "[CP] Check Pods Manifest.lock";
			outputFileListPaths = (
			);
			outputPaths = (
				"$(DERIVED_FILE_DIR)/Pods-Fake StoreTests-checkManifestLockResult.txt",
			);
			runOnlyForDeploymentPostprocessing = 0;
			shellPath = /bin/sh;
			shellScript = "diff \"${PODS_PODFILE_DIR_PATH}/Podfile.lock\" \"${PODS_ROOT}/Manifest.lock\" > /dev/null\nif [ $? != 0 ] ; then\n    # print error to STDERR\n    echo \"error: The sandbox is not in sync with the Podfile.lock. Run 'pod install' or update your CocoaPods installation.\" >&2\n    exit 1\nfi\n# This output is used by Xcode 'outputs' to avoid re-running this script phase.\necho \"SUCCESS\" > \"${SCRIPT_OUTPUT_FILE_0}\"\n";
			showEnvVarsInLog = 0;
		};
		25EE0907A98F23C9EA950331 /* [CP] Check Pods Manifest.lock */ = {
			isa = PBXShellScriptBuildPhase;
			buildActionMask = 2147483647;
			files = (
			);
			inputFileListPaths = (
			);
			inputPaths = (
				"${PODS_PODFILE_DIR_PATH}/Podfile.lock",
				"${PODS_ROOT}/Manifest.lock",
			);
			name = "[CP] Check Pods Manifest.lock";
			outputFileListPaths = (
			);
			outputPaths = (
				"$(DERIVED_FILE_DIR)/Pods-Fake Store-Fake StoreUITests-checkManifestLockResult.txt",
			);
			runOnlyForDeploymentPostprocessing = 0;
			shellPath = /bin/sh;
			shellScript = "diff \"${PODS_PODFILE_DIR_PATH}/Podfile.lock\" \"${PODS_ROOT}/Manifest.lock\" > /dev/null\nif [ $? != 0 ] ; then\n    # print error to STDERR\n    echo \"error: The sandbox is not in sync with the Podfile.lock. Run 'pod install' or update your CocoaPods installation.\" >&2\n    exit 1\nfi\n# This output is used by Xcode 'outputs' to avoid re-running this script phase.\necho \"SUCCESS\" > \"${SCRIPT_OUTPUT_FILE_0}\"\n";
			showEnvVarsInLog = 0;
		};
		2BC783A62A591E10A67DF857 /* [CP] Embed Pods Frameworks */ = {
			isa = PBXShellScriptBuildPhase;
			buildActionMask = 2147483647;
			files = (
			);
			inputFileListPaths = (
				"${PODS_ROOT}/Target Support Files/Pods-Fake Store/Pods-Fake Store-frameworks-${CONFIGURATION}-input-files.xcfilelist",
			);
			name = "[CP] Embed Pods Frameworks";
			outputFileListPaths = (
				"${PODS_ROOT}/Target Support Files/Pods-Fake Store/Pods-Fake Store-frameworks-${CONFIGURATION}-output-files.xcfilelist",
			);
			runOnlyForDeploymentPostprocessing = 0;
			shellPath = /bin/sh;
			shellScript = "\"${PODS_ROOT}/Target Support Files/Pods-Fake Store/Pods-Fake Store-frameworks.sh\"\n";
			showEnvVarsInLog = 0;
		};
		41C0ADC35F5812BF318F378F /* [CP] Check Pods Manifest.lock */ = {
			isa = PBXShellScriptBuildPhase;
			buildActionMask = 2147483647;
			files = (
			);
			inputFileListPaths = (
			);
			inputPaths = (
				"${PODS_PODFILE_DIR_PATH}/Podfile.lock",
				"${PODS_ROOT}/Manifest.lock",
			);
			name = "[CP] Check Pods Manifest.lock";
			outputFileListPaths = (
			);
			outputPaths = (
				"$(DERIVED_FILE_DIR)/Pods-Fake Store-checkManifestLockResult.txt",
			);
			runOnlyForDeploymentPostprocessing = 0;
			shellPath = /bin/sh;
			shellScript = "diff \"${PODS_PODFILE_DIR_PATH}/Podfile.lock\" \"${PODS_ROOT}/Manifest.lock\" > /dev/null\nif [ $? != 0 ] ; then\n    # print error to STDERR\n    echo \"error: The sandbox is not in sync with the Podfile.lock. Run 'pod install' or update your CocoaPods installation.\" >&2\n    exit 1\nfi\n# This output is used by Xcode 'outputs' to avoid re-running this script phase.\necho \"SUCCESS\" > \"${SCRIPT_OUTPUT_FILE_0}\"\n";
			showEnvVarsInLog = 0;
		};
		6590024CF5D74FF855539A4A /* [CP] Embed Pods Frameworks */ = {
			isa = PBXShellScriptBuildPhase;
			buildActionMask = 2147483647;
			files = (
			);
			inputFileListPaths = (
				"${PODS_ROOT}/Target Support Files/Pods-Fake Store-Fake StoreUITests/Pods-Fake Store-Fake StoreUITests-frameworks-${CONFIGURATION}-input-files.xcfilelist",
			);
			name = "[CP] Embed Pods Frameworks";
			outputFileListPaths = (
				"${PODS_ROOT}/Target Support Files/Pods-Fake Store-Fake StoreUITests/Pods-Fake Store-Fake StoreUITests-frameworks-${CONFIGURATION}-output-files.xcfilelist",
			);
			runOnlyForDeploymentPostprocessing = 0;
			shellPath = /bin/sh;
			shellScript = "\"${PODS_ROOT}/Target Support Files/Pods-Fake Store-Fake StoreUITests/Pods-Fake Store-Fake StoreUITests-frameworks.sh\"\n";
			showEnvVarsInLog = 0;
		};
/* End PBXShellScriptBuildPhase section */

/* Begin PBXSourcesBuildPhase section */
		E8621D91277005A2004C3080 /* Sources */ = {
			isa = PBXSourcesBuildPhase;
			buildActionMask = 2147483647;
			files = (
				4FF90ED22776072700025DB5 /* ViewModelFactory.swift in Sources */,
				4FF3E5332795BFB0000D7B3F /* PageContent.swift in Sources */,
				4F74BD4D277C958800F4BB35 /* LoginView.swift in Sources */,
				4FB56D43277C552E00AA0810 /* CartAPIClient.swift in Sources */,
				4F97881C278C59F300D89DD4 /* UITableViewCell+Ext.swift in Sources */,
				4F6CBD3D2774898300C6A5A3 /* AppColor.swift in Sources */,
				4F74BD5D277DD21800F4BB35 /* LoginTableView.swift in Sources */,
				4F480EA02791B00600DCA8E4 /* PagingCollectionViewCell.swift in Sources */,
				4FB56D39277C514C00AA0810 /* WishlistService.swift in Sources */,
				4FB56D41277C550B00AA0810 /* CartService.swift in Sources */,
				4F74BD51277CA40700F4BB35 /* LoginTextField.swift in Sources */,
				4F978822278D7EF000D89DD4 /* AuthAPIClient.swift in Sources */,
				4F2A7896277A2011004FC159 /* HomeAPIClient.swift in Sources */,
				4FF90ECA2775CC7F00025DB5 /* CartViewModel.swift in Sources */,
				4FF3E52E27958BD6000D7B3F /* UICollectionView+Ext.swift in Sources */,
				4FF90EC12774D6AC00025DB5 /* StoreNavigationController.swift in Sources */,
				4FF90EBE2774D58700025DB5 /* ProfileViewController.swift in Sources */,
				E8621D99277005A2004C3080 /* AppDelegate.swift in Sources */,
				4FA20A542774988A003E3703 /* AppImages.swift in Sources */,
				4F74BD5B277DBE0B00F4BB35 /* LoginTableHeaderView.swift in Sources */,
				4F480EA22791B91800DCA8E4 /* HomeView.swift in Sources */,
				4FF3E5372796CF4C000D7B3F /* PageContentView.swift in Sources */,
				4FB56D3D277C54AD00AA0810 /* ProfileService.swift in Sources */,
				4F978827278DC86E00D89DD4 /* SessionRepository.swift in Sources */,
				4FF90EB82774D55A00025DB5 /* WishlistViewController.swift in Sources */,
				4F97881E278C5A1300D89DD4 /* UITableView+Ext.swift in Sources */,
				4F74BD57277CD25D00F4BB35 /* LoginTableViewCell.swift in Sources */,
				4F2A7898277A2220004FC159 /* HomeService.swift in Sources */,
				4FF3E53027958C3D000D7B3F /* UICollectionViewCell+Ext.swift in Sources */,
				4FF90EC42775CC2A00025DB5 /* HomeViewModel.swift in Sources */,
				4FF90ECD2775CC9B00025DB5 /* ProfileViewModel.swift in Sources */,
				4F480E9E2791AE0300DCA8E4 /* PageCollectionView.swift in Sources */,
				4FB56D34277B155F00AA0810 /* DIContainer.swift in Sources */,
				4F74BD4F277C959300F4BB35 /* LoginViewController.swift in Sources */,
				4FB56D3F277C54DF00AA0810 /* ProfileAPIClient.swift in Sources */,
				4F74BD59277CD27200F4BB35 /* SignInTableViewCell.swift in Sources */,
				4FF90EC62775CC5E00025DB5 /* WishlistViewModel.swift in Sources */,
				4FF90EBC2774D57D00025DB5 /* HomeViewController.swift in Sources */,
				4FF90ED02775D5E700025DB5 /* ModuleFactory.swift in Sources */,
				4F74BD5F277DD48F00F4BB35 /* LoginTableFooterView.swift in Sources */,
				4F338AD1278AC0CA000D2949 /* LoginViewModel.swift in Sources */,
				4F480EA42791D7B500DCA8E4 /* PagingFlowLayout.swift in Sources */,
				E8621D9B277005A2004C3080 /* SceneDelegate.swift in Sources */,
				4FB56D3B277C517900AA0810 /* WishlistAPIClient.swift in Sources */,
				4FF90EBA2774D56200025DB5 /* CartViewController.swift in Sources */,
				4F978824278D807900D89DD4 /* AuthService.swift in Sources */,
				4FF90EAA2774CCE200025DB5 /* StoreTabBarController.swift in Sources */,
				4F2A78922779F68C004FC159 /* RequestBuilder.swift in Sources */,
				4F2A7894277A15D8004FC159 /* APIClient.swift in Sources */,
				4F2A789A277A229E004FC159 /* Product.swift in Sources */,
			);
			runOnlyForDeploymentPostprocessing = 0;
		};
		E8621DA7277005A6004C3080 /* Sources */ = {
			isa = PBXSourcesBuildPhase;
			buildActionMask = 2147483647;
			files = (
				E8621DB0277005A6004C3080 /* Fake_StoreTests.swift in Sources */,
			);
			runOnlyForDeploymentPostprocessing = 0;
		};
		E8621DB1277005A6004C3080 /* Sources */ = {
			isa = PBXSourcesBuildPhase;
			buildActionMask = 2147483647;
			files = (
				E8621DBA277005A6004C3080 /* Fake_StoreUITests.swift in Sources */,
				E8621DBC277005A6004C3080 /* Fake_StoreUITestsLaunchTests.swift in Sources */,
			);
			runOnlyForDeploymentPostprocessing = 0;
		};
/* End PBXSourcesBuildPhase section */

/* Begin PBXTargetDependency section */
		E8621DAD277005A6004C3080 /* PBXTargetDependency */ = {
			isa = PBXTargetDependency;
			target = E8621D94277005A2004C3080 /* Fake Store */;
			targetProxy = E8621DAC277005A6004C3080 /* PBXContainerItemProxy */;
		};
		E8621DB7277005A6004C3080 /* PBXTargetDependency */ = {
			isa = PBXTargetDependency;
			target = E8621D94277005A2004C3080 /* Fake Store */;
			targetProxy = E8621DB6277005A6004C3080 /* PBXContainerItemProxy */;
		};
/* End PBXTargetDependency section */

/* Begin PBXVariantGroup section */
		E8621DA3277005A6004C3080 /* LaunchScreen.storyboard */ = {
			isa = PBXVariantGroup;
			children = (
				E8621DA4277005A6004C3080 /* Base */,
			);
			name = LaunchScreen.storyboard;
			sourceTree = "<group>";
		};
/* End PBXVariantGroup section */

/* Begin XCBuildConfiguration section */
		E8621DBD277005A6004C3080 /* Debug */ = {
			isa = XCBuildConfiguration;
			buildSettings = {
				ALWAYS_SEARCH_USER_PATHS = NO;
				CLANG_ANALYZER_NONNULL = YES;
				CLANG_ANALYZER_NUMBER_OBJECT_CONVERSION = YES_AGGRESSIVE;
				CLANG_CXX_LANGUAGE_STANDARD = "gnu++17";
				CLANG_CXX_LIBRARY = "libc++";
				CLANG_ENABLE_MODULES = YES;
				CLANG_ENABLE_OBJC_ARC = YES;
				CLANG_ENABLE_OBJC_WEAK = YES;
				CLANG_WARN_BLOCK_CAPTURE_AUTORELEASING = YES;
				CLANG_WARN_BOOL_CONVERSION = YES;
				CLANG_WARN_COMMA = YES;
				CLANG_WARN_CONSTANT_CONVERSION = YES;
				CLANG_WARN_DEPRECATED_OBJC_IMPLEMENTATIONS = YES;
				CLANG_WARN_DIRECT_OBJC_ISA_USAGE = YES_ERROR;
				CLANG_WARN_DOCUMENTATION_COMMENTS = YES;
				CLANG_WARN_EMPTY_BODY = YES;
				CLANG_WARN_ENUM_CONVERSION = YES;
				CLANG_WARN_INFINITE_RECURSION = YES;
				CLANG_WARN_INT_CONVERSION = YES;
				CLANG_WARN_NON_LITERAL_NULL_CONVERSION = YES;
				CLANG_WARN_OBJC_IMPLICIT_RETAIN_SELF = YES;
				CLANG_WARN_OBJC_LITERAL_CONVERSION = YES;
				CLANG_WARN_OBJC_ROOT_CLASS = YES_ERROR;
				CLANG_WARN_QUOTED_INCLUDE_IN_FRAMEWORK_HEADER = YES;
				CLANG_WARN_RANGE_LOOP_ANALYSIS = YES;
				CLANG_WARN_STRICT_PROTOTYPES = YES;
				CLANG_WARN_SUSPICIOUS_MOVE = YES;
				CLANG_WARN_UNGUARDED_AVAILABILITY = YES_AGGRESSIVE;
				CLANG_WARN_UNREACHABLE_CODE = YES;
				CLANG_WARN__DUPLICATE_METHOD_MATCH = YES;
				COPY_PHASE_STRIP = NO;
				DEBUG_INFORMATION_FORMAT = dwarf;
				ENABLE_STRICT_OBJC_MSGSEND = YES;
				ENABLE_TESTABILITY = YES;
				GCC_C_LANGUAGE_STANDARD = gnu11;
				GCC_DYNAMIC_NO_PIC = NO;
				GCC_NO_COMMON_BLOCKS = YES;
				GCC_OPTIMIZATION_LEVEL = 0;
				GCC_PREPROCESSOR_DEFINITIONS = (
					"DEBUG=1",
					"$(inherited)",
				);
				GCC_WARN_64_TO_32_BIT_CONVERSION = YES;
				GCC_WARN_ABOUT_RETURN_TYPE = YES_ERROR;
				GCC_WARN_UNDECLARED_SELECTOR = YES;
				GCC_WARN_UNINITIALIZED_AUTOS = YES_AGGRESSIVE;
				GCC_WARN_UNUSED_FUNCTION = YES;
				GCC_WARN_UNUSED_VARIABLE = YES;
				IPHONEOS_DEPLOYMENT_TARGET = 15.0;
				MTL_ENABLE_DEBUG_INFO = INCLUDE_SOURCE;
				MTL_FAST_MATH = YES;
				ONLY_ACTIVE_ARCH = YES;
				SDKROOT = iphoneos;
				SWIFT_ACTIVE_COMPILATION_CONDITIONS = DEBUG;
				SWIFT_OPTIMIZATION_LEVEL = "-Onone";
			};
			name = Debug;
		};
		E8621DBE277005A6004C3080 /* Release */ = {
			isa = XCBuildConfiguration;
			buildSettings = {
				ALWAYS_SEARCH_USER_PATHS = NO;
				CLANG_ANALYZER_NONNULL = YES;
				CLANG_ANALYZER_NUMBER_OBJECT_CONVERSION = YES_AGGRESSIVE;
				CLANG_CXX_LANGUAGE_STANDARD = "gnu++17";
				CLANG_CXX_LIBRARY = "libc++";
				CLANG_ENABLE_MODULES = YES;
				CLANG_ENABLE_OBJC_ARC = YES;
				CLANG_ENABLE_OBJC_WEAK = YES;
				CLANG_WARN_BLOCK_CAPTURE_AUTORELEASING = YES;
				CLANG_WARN_BOOL_CONVERSION = YES;
				CLANG_WARN_COMMA = YES;
				CLANG_WARN_CONSTANT_CONVERSION = YES;
				CLANG_WARN_DEPRECATED_OBJC_IMPLEMENTATIONS = YES;
				CLANG_WARN_DIRECT_OBJC_ISA_USAGE = YES_ERROR;
				CLANG_WARN_DOCUMENTATION_COMMENTS = YES;
				CLANG_WARN_EMPTY_BODY = YES;
				CLANG_WARN_ENUM_CONVERSION = YES;
				CLANG_WARN_INFINITE_RECURSION = YES;
				CLANG_WARN_INT_CONVERSION = YES;
				CLANG_WARN_NON_LITERAL_NULL_CONVERSION = YES;
				CLANG_WARN_OBJC_IMPLICIT_RETAIN_SELF = YES;
				CLANG_WARN_OBJC_LITERAL_CONVERSION = YES;
				CLANG_WARN_OBJC_ROOT_CLASS = YES_ERROR;
				CLANG_WARN_QUOTED_INCLUDE_IN_FRAMEWORK_HEADER = YES;
				CLANG_WARN_RANGE_LOOP_ANALYSIS = YES;
				CLANG_WARN_STRICT_PROTOTYPES = YES;
				CLANG_WARN_SUSPICIOUS_MOVE = YES;
				CLANG_WARN_UNGUARDED_AVAILABILITY = YES_AGGRESSIVE;
				CLANG_WARN_UNREACHABLE_CODE = YES;
				CLANG_WARN__DUPLICATE_METHOD_MATCH = YES;
				COPY_PHASE_STRIP = NO;
				DEBUG_INFORMATION_FORMAT = "dwarf-with-dsym";
				ENABLE_NS_ASSERTIONS = NO;
				ENABLE_STRICT_OBJC_MSGSEND = YES;
				GCC_C_LANGUAGE_STANDARD = gnu11;
				GCC_NO_COMMON_BLOCKS = YES;
				GCC_WARN_64_TO_32_BIT_CONVERSION = YES;
				GCC_WARN_ABOUT_RETURN_TYPE = YES_ERROR;
				GCC_WARN_UNDECLARED_SELECTOR = YES;
				GCC_WARN_UNINITIALIZED_AUTOS = YES_AGGRESSIVE;
				GCC_WARN_UNUSED_FUNCTION = YES;
				GCC_WARN_UNUSED_VARIABLE = YES;
				IPHONEOS_DEPLOYMENT_TARGET = 15.0;
				MTL_ENABLE_DEBUG_INFO = NO;
				MTL_FAST_MATH = YES;
				SDKROOT = iphoneos;
				SWIFT_COMPILATION_MODE = wholemodule;
				SWIFT_OPTIMIZATION_LEVEL = "-O";
				VALIDATE_PRODUCT = YES;
			};
			name = Release;
		};
		E8621DC0277005A6004C3080 /* Debug */ = {
			isa = XCBuildConfiguration;
			baseConfigurationReference = 3CE282A4CF12898248268B52 /* Pods-Fake Store.debug.xcconfig */;
			buildSettings = {
				ASSETCATALOG_COMPILER_APPICON_NAME = AppIcon;
				ASSETCATALOG_COMPILER_GLOBAL_ACCENT_COLOR_NAME = AccentColor;
				CODE_SIGN_STYLE = Automatic;
				CURRENT_PROJECT_VERSION = 1;
				DEVELOPMENT_TEAM = "";
				GENERATE_INFOPLIST_FILE = YES;
				INFOPLIST_FILE = "Fake Store/Info.plist";
				INFOPLIST_KEY_UIApplicationSupportsIndirectInputEvents = YES;
				INFOPLIST_KEY_UILaunchStoryboardName = LaunchScreen;
				INFOPLIST_KEY_UISupportedInterfaceOrientations_iPad = "UIInterfaceOrientationPortrait UIInterfaceOrientationPortraitUpsideDown UIInterfaceOrientationLandscapeLeft UIInterfaceOrientationLandscapeRight";
				INFOPLIST_KEY_UISupportedInterfaceOrientations_iPhone = "UIInterfaceOrientationPortrait UIInterfaceOrientationLandscapeLeft UIInterfaceOrientationLandscapeRight";
				IPHONEOS_DEPLOYMENT_TARGET = 13.0;
				LD_RUNPATH_SEARCH_PATHS = (
					"$(inherited)",
					"@executable_path/Frameworks",
				);
				MARKETING_VERSION = 1.0;
				PRODUCT_BUNDLE_IDENTIFIER = "com.fake-store.Fake-Store";
				PRODUCT_NAME = "$(TARGET_NAME)";
				SWIFT_EMIT_LOC_STRINGS = YES;
				SWIFT_VERSION = 5.0;
				TARGETED_DEVICE_FAMILY = "1,2";
			};
			name = Debug;
		};
		E8621DC1277005A6004C3080 /* Release */ = {
			isa = XCBuildConfiguration;
			baseConfigurationReference = 602CF8E9BE82DE0D73CB66A8 /* Pods-Fake Store.release.xcconfig */;
			buildSettings = {
				ASSETCATALOG_COMPILER_APPICON_NAME = AppIcon;
				ASSETCATALOG_COMPILER_GLOBAL_ACCENT_COLOR_NAME = AccentColor;
				CODE_SIGN_STYLE = Automatic;
				CURRENT_PROJECT_VERSION = 1;
				DEVELOPMENT_TEAM = "";
				GENERATE_INFOPLIST_FILE = YES;
				INFOPLIST_FILE = "Fake Store/Info.plist";
				INFOPLIST_KEY_UIApplicationSupportsIndirectInputEvents = YES;
				INFOPLIST_KEY_UILaunchStoryboardName = LaunchScreen;
				INFOPLIST_KEY_UISupportedInterfaceOrientations_iPad = "UIInterfaceOrientationPortrait UIInterfaceOrientationPortraitUpsideDown UIInterfaceOrientationLandscapeLeft UIInterfaceOrientationLandscapeRight";
				INFOPLIST_KEY_UISupportedInterfaceOrientations_iPhone = "UIInterfaceOrientationPortrait UIInterfaceOrientationLandscapeLeft UIInterfaceOrientationLandscapeRight";
				IPHONEOS_DEPLOYMENT_TARGET = 13.0;
				LD_RUNPATH_SEARCH_PATHS = (
					"$(inherited)",
					"@executable_path/Frameworks",
				);
				MARKETING_VERSION = 1.0;
				PRODUCT_BUNDLE_IDENTIFIER = "com.fake-store.Fake-Store";
				PRODUCT_NAME = "$(TARGET_NAME)";
				SWIFT_EMIT_LOC_STRINGS = YES;
				SWIFT_VERSION = 5.0;
				TARGETED_DEVICE_FAMILY = "1,2";
			};
			name = Release;
		};
		E8621DC3277005A6004C3080 /* Debug */ = {
			isa = XCBuildConfiguration;
			baseConfigurationReference = 229A021638703F015612B8F8 /* Pods-Fake StoreTests.debug.xcconfig */;
			buildSettings = {
				ALWAYS_EMBED_SWIFT_STANDARD_LIBRARIES = YES;
				BUNDLE_LOADER = "$(TEST_HOST)";
				CODE_SIGN_STYLE = Automatic;
				CURRENT_PROJECT_VERSION = 1;
				GENERATE_INFOPLIST_FILE = YES;
				IPHONEOS_DEPLOYMENT_TARGET = 15.0;
				LD_RUNPATH_SEARCH_PATHS = (
					"$(inherited)",
					"@executable_path/Frameworks",
					"@loader_path/Frameworks",
				);
				MARKETING_VERSION = 1.0;
				PRODUCT_BUNDLE_IDENTIFIER = "com.fake-store.Fake-StoreTests";
				PRODUCT_NAME = "$(TARGET_NAME)";
				SWIFT_EMIT_LOC_STRINGS = NO;
				SWIFT_VERSION = 5.0;
				TARGETED_DEVICE_FAMILY = "1,2";
				TEST_HOST = "$(BUILT_PRODUCTS_DIR)/Fake Store.app/Fake Store";
			};
			name = Debug;
		};
		E8621DC4277005A6004C3080 /* Release */ = {
			isa = XCBuildConfiguration;
			baseConfigurationReference = 7A0368D9BD1C35A146A19CB6 /* Pods-Fake StoreTests.release.xcconfig */;
			buildSettings = {
				ALWAYS_EMBED_SWIFT_STANDARD_LIBRARIES = YES;
				BUNDLE_LOADER = "$(TEST_HOST)";
				CODE_SIGN_STYLE = Automatic;
				CURRENT_PROJECT_VERSION = 1;
				GENERATE_INFOPLIST_FILE = YES;
				IPHONEOS_DEPLOYMENT_TARGET = 15.0;
				LD_RUNPATH_SEARCH_PATHS = (
					"$(inherited)",
					"@executable_path/Frameworks",
					"@loader_path/Frameworks",
				);
				MARKETING_VERSION = 1.0;
				PRODUCT_BUNDLE_IDENTIFIER = "com.fake-store.Fake-StoreTests";
				PRODUCT_NAME = "$(TARGET_NAME)";
				SWIFT_EMIT_LOC_STRINGS = NO;
				SWIFT_VERSION = 5.0;
				TARGETED_DEVICE_FAMILY = "1,2";
				TEST_HOST = "$(BUILT_PRODUCTS_DIR)/Fake Store.app/Fake Store";
			};
			name = Release;
		};
		E8621DC6277005A6004C3080 /* Debug */ = {
			isa = XCBuildConfiguration;
			baseConfigurationReference = 070B9885CD6CEFB9AE21A2A5 /* Pods-Fake Store-Fake StoreUITests.debug.xcconfig */;
			buildSettings = {
				ALWAYS_EMBED_SWIFT_STANDARD_LIBRARIES = YES;
				CODE_SIGN_STYLE = Automatic;
				CURRENT_PROJECT_VERSION = 1;
				GENERATE_INFOPLIST_FILE = YES;
				LD_RUNPATH_SEARCH_PATHS = (
					"$(inherited)",
					"@executable_path/Frameworks",
					"@loader_path/Frameworks",
				);
				MARKETING_VERSION = 1.0;
				PRODUCT_BUNDLE_IDENTIFIER = "com.fake-store.Fake-StoreUITests";
				PRODUCT_NAME = "$(TARGET_NAME)";
				SWIFT_EMIT_LOC_STRINGS = NO;
				SWIFT_VERSION = 5.0;
				TARGETED_DEVICE_FAMILY = "1,2";
				TEST_TARGET_NAME = "Fake Store";
			};
			name = Debug;
		};
		E8621DC7277005A6004C3080 /* Release */ = {
			isa = XCBuildConfiguration;
			baseConfigurationReference = 2CEA927221CF0D9114A0AD68 /* Pods-Fake Store-Fake StoreUITests.release.xcconfig */;
			buildSettings = {
				ALWAYS_EMBED_SWIFT_STANDARD_LIBRARIES = YES;
				CODE_SIGN_STYLE = Automatic;
				CURRENT_PROJECT_VERSION = 1;
				GENERATE_INFOPLIST_FILE = YES;
				LD_RUNPATH_SEARCH_PATHS = (
					"$(inherited)",
					"@executable_path/Frameworks",
					"@loader_path/Frameworks",
				);
				MARKETING_VERSION = 1.0;
				PRODUCT_BUNDLE_IDENTIFIER = "com.fake-store.Fake-StoreUITests";
				PRODUCT_NAME = "$(TARGET_NAME)";
				SWIFT_EMIT_LOC_STRINGS = NO;
				SWIFT_VERSION = 5.0;
				TARGETED_DEVICE_FAMILY = "1,2";
				TEST_TARGET_NAME = "Fake Store";
			};
			name = Release;
		};
/* End XCBuildConfiguration section */

/* Begin XCConfigurationList section */
		E8621D90277005A2004C3080 /* Build configuration list for PBXProject "Fake Store" */ = {
			isa = XCConfigurationList;
			buildConfigurations = (
				E8621DBD277005A6004C3080 /* Debug */,
				E8621DBE277005A6004C3080 /* Release */,
			);
			defaultConfigurationIsVisible = 0;
			defaultConfigurationName = Release;
		};
		E8621DBF277005A6004C3080 /* Build configuration list for PBXNativeTarget "Fake Store" */ = {
			isa = XCConfigurationList;
			buildConfigurations = (
				E8621DC0277005A6004C3080 /* Debug */,
				E8621DC1277005A6004C3080 /* Release */,
			);
			defaultConfigurationIsVisible = 0;
			defaultConfigurationName = Release;
		};
		E8621DC2277005A6004C3080 /* Build configuration list for PBXNativeTarget "Fake StoreTests" */ = {
			isa = XCConfigurationList;
			buildConfigurations = (
				E8621DC3277005A6004C3080 /* Debug */,
				E8621DC4277005A6004C3080 /* Release */,
			);
			defaultConfigurationIsVisible = 0;
			defaultConfigurationName = Release;
		};
		E8621DC5277005A6004C3080 /* Build configuration list for PBXNativeTarget "Fake StoreUITests" */ = {
			isa = XCConfigurationList;
			buildConfigurations = (
				E8621DC6277005A6004C3080 /* Debug */,
				E8621DC7277005A6004C3080 /* Release */,
			);
			defaultConfigurationIsVisible = 0;
			defaultConfigurationName = Release;
		};
/* End XCConfigurationList section */
	};
	rootObject = E8621D8D277005A2004C3080 /* Project object */;
}
